
Microsoft Visual Studio Solution File, Format Version 12.00
# Visual Studio 15
VisualStudioVersion = 15.0.26228.9
MinimumVisualStudioVersion = 10.0.40219.1
Project("{2150E333-8FDC-42A3-9474-1A3956D46DE8}") = "Applications", "Applications", "{1A4FF10C-854A-4F83-8316-EF1C3D49C3A1}"
EndProject
Project("{2150E333-8FDC-42A3-9474-1A3956D46DE8}") = "XPlatform", "XPlatform", "{8BF1ADED-37DA-4BDB-9E12-CEAAE9353855}"
EndProject
Project("{2150E333-8FDC-42A3-9474-1A3956D46DE8}") = "Android", "Android", "{A8F2E668-43BA-48EE-9C5E-74CDA504F366}"
EndProject
Project("{2150E333-8FDC-42A3-9474-1A3956D46DE8}") = "iOS", "iOS", "{3B57EB27-7D4B-475F-B9BA-7453C274B37D}"
EndProject
Project("{2150E333-8FDC-42A3-9474-1A3956D46DE8}") = "Azure", "Azure", "{75CF0652-3546-4D80-AFC4-D24E600AE84D}"
EndProject
Project("{FAE04EC0-301F-11D3-BF4B-00C04F79EFBC}") = "XWeather.Droid", "XWeather.Droid\XWeather.Droid.csproj", "{4834307C-054D-4BFA-A936-3466E777B173}"
EndProject
Project("{FAE04EC0-301F-11D3-BF4B-00C04F79EFBC}") = "XWeather.iOS", "XWeather.iOS\XWeather.iOS.csproj", "{F80F1FF6-BEFF-46B3-98F0-4BB961A7315C}"
EndProject
Project("{FAE04EC0-301F-11D3-BF4B-00C04F79EFBC}") = "XWeather.Android", "XPlatform\XWeather\XWeather.Android\XWeather.Android.csproj", "{2665A1E8-56F7-4B40-96B8-641CE46A4FB0}"
EndProject
Project("{FAE04EC0-301F-11D3-BF4B-00C04F79EFBC}") = "XWeather", "XPlatform\XWeather\XWeather\XWeather.csproj", "{0C57663D-24B3-4753-B3D9-7DA1CF2FA330}"
EndProject
Project("{FAE04EC0-301F-11D3-BF4B-00C04F79EFBC}") = "XWeather.UWP", "XPlatform\XWeather\XWeather.UWP\XWeather.UWP.csproj", "{20E69DCD-AA26-4BB3-8596-4CA159387B9F}"
EndProject
Project("{FAE04EC0-301F-11D3-BF4B-00C04F79EFBC}") = "XWeather.iOS", "XPlatform\XWeather\XWeather.iOS\XWeather.iOS.csproj", "{17DED921-1160-42FB-8D1C-88C7BE4BD338}"
EndProject
Global
	GlobalSection(SolutionConfigurationPlatforms) = preSolution
		Ad-Hoc|Any CPU = Ad-Hoc|Any CPU
		Ad-Hoc|ARM = Ad-Hoc|ARM
		Ad-Hoc|iPhone = Ad-Hoc|iPhone
		Ad-Hoc|iPhoneSimulator = Ad-Hoc|iPhoneSimulator
		Ad-Hoc|x64 = Ad-Hoc|x64
		Ad-Hoc|x86 = Ad-Hoc|x86
		AppStore|Any CPU = AppStore|Any CPU
		AppStore|ARM = AppStore|ARM
		AppStore|iPhone = AppStore|iPhone
		AppStore|iPhoneSimulator = AppStore|iPhoneSimulator
		AppStore|x64 = AppStore|x64
		AppStore|x86 = AppStore|x86
		Debug|Any CPU = Debug|Any CPU
		Debug|ARM = Debug|ARM
		Debug|iPhone = Debug|iPhone
		Debug|iPhoneSimulator = Debug|iPhoneSimulator
		Debug|x64 = Debug|x64
		Debug|x86 = Debug|x86
		Release|Any CPU = Release|Any CPU
		Release|ARM = Release|ARM
		Release|iPhone = Release|iPhone
		Release|iPhoneSimulator = Release|iPhoneSimulator
		Release|x64 = Release|x64
		Release|x86 = Release|x86
	EndGlobalSection
	GlobalSection(ProjectConfigurationPlatforms) = postSolution
		{4834307C-054D-4BFA-A936-3466E777B173}.Ad-Hoc|Any CPU.ActiveCfg = Release|Any CPU
		{4834307C-054D-4BFA-A936-3466E777B173}.Ad-Hoc|Any CPU.Build.0 = Release|Any CPU
		{4834307C-054D-4BFA-A936-3466E777B173}.Ad-Hoc|Any CPU.Deploy.0 = Release|Any CPU
		{4834307C-054D-4BFA-A936-3466E777B173}.Ad-Hoc|ARM.ActiveCfg = Debug|Any CPU
		{4834307C-054D-4BFA-A936-3466E777B173}.Ad-Hoc|ARM.Build.0 = Debug|Any CPU
		{4834307C-054D-4BFA-A936-3466E777B173}.Ad-Hoc|ARM.Deploy.0 = Debug|Any CPU
		{4834307C-054D-4BFA-A936-3466E777B173}.Ad-Hoc|iPhone.ActiveCfg = Release|Any CPU
		{4834307C-054D-4BFA-A936-3466E777B173}.Ad-Hoc|iPhone.Build.0 = Release|Any CPU
		{4834307C-054D-4BFA-A936-3466E777B173}.Ad-Hoc|iPhone.Deploy.0 = Release|Any CPU
		{4834307C-054D-4BFA-A936-3466E777B173}.Ad-Hoc|iPhoneSimulator.ActiveCfg = Release|Any CPU
		{4834307C-054D-4BFA-A936-3466E777B173}.Ad-Hoc|iPhoneSimulator.Build.0 = Release|Any CPU
		{4834307C-054D-4BFA-A936-3466E777B173}.Ad-Hoc|iPhoneSimulator.Deploy.0 = Release|Any CPU
		{4834307C-054D-4BFA-A936-3466E777B173}.Ad-Hoc|x64.ActiveCfg = Debug|Any CPU
		{4834307C-054D-4BFA-A936-3466E777B173}.Ad-Hoc|x64.Build.0 = Debug|Any CPU
		{4834307C-054D-4BFA-A936-3466E777B173}.Ad-Hoc|x64.Deploy.0 = Debug|Any CPU
		{4834307C-054D-4BFA-A936-3466E777B173}.Ad-Hoc|x86.ActiveCfg = Debug|Any CPU
		{4834307C-054D-4BFA-A936-3466E777B173}.Ad-Hoc|x86.Build.0 = Debug|Any CPU
		{4834307C-054D-4BFA-A936-3466E777B173}.Ad-Hoc|x86.Deploy.0 = Debug|Any CPU
		{4834307C-054D-4BFA-A936-3466E777B173}.AppStore|Any CPU.ActiveCfg = Release|Any CPU
		{4834307C-054D-4BFA-A936-3466E777B173}.AppStore|Any CPU.Build.0 = Release|Any CPU
		{4834307C-054D-4BFA-A936-3466E777B173}.AppStore|Any CPU.Deploy.0 = Release|Any CPU
		{4834307C-054D-4BFA-A936-3466E777B173}.AppStore|ARM.ActiveCfg = Debug|Any CPU
		{4834307C-054D-4BFA-A936-3466E777B173}.AppStore|ARM.Build.0 = Debug|Any CPU
		{4834307C-054D-4BFA-A936-3466E777B173}.AppStore|ARM.Deploy.0 = Debug|Any CPU
		{4834307C-054D-4BFA-A936-3466E777B173}.AppStore|iPhone.ActiveCfg = Release|Any CPU
		{4834307C-054D-4BFA-A936-3466E777B173}.AppStore|iPhone.Build.0 = Release|Any CPU
		{4834307C-054D-4BFA-A936-3466E777B173}.AppStore|iPhone.Deploy.0 = Release|Any CPU
		{4834307C-054D-4BFA-A936-3466E777B173}.AppStore|iPhoneSimulator.ActiveCfg = Release|Any CPU
		{4834307C-054D-4BFA-A936-3466E777B173}.AppStore|iPhoneSimulator.Build.0 = Release|Any CPU
		{4834307C-054D-4BFA-A936-3466E777B173}.AppStore|iPhoneSimulator.Deploy.0 = Release|Any CPU
		{4834307C-054D-4BFA-A936-3466E777B173}.AppStore|x64.ActiveCfg = Debug|Any CPU
		{4834307C-054D-4BFA-A936-3466E777B173}.AppStore|x64.Build.0 = Debug|Any CPU
		{4834307C-054D-4BFA-A936-3466E777B173}.AppStore|x64.Deploy.0 = Debug|Any CPU
		{4834307C-054D-4BFA-A936-3466E777B173}.AppStore|x86.ActiveCfg = Debug|Any CPU
		{4834307C-054D-4BFA-A936-3466E777B173}.AppStore|x86.Build.0 = Debug|Any CPU
		{4834307C-054D-4BFA-A936-3466E777B173}.AppStore|x86.Deploy.0 = Debug|Any CPU
		{4834307C-054D-4BFA-A936-3466E777B173}.Debug|Any CPU.ActiveCfg = Debug|Any CPU
		{4834307C-054D-4BFA-A936-3466E777B173}.Debug|Any CPU.Build.0 = Debug|Any CPU
		{4834307C-054D-4BFA-A936-3466E777B173}.Debug|Any CPU.Deploy.0 = Debug|Any CPU
		{4834307C-054D-4BFA-A936-3466E777B173}.Debug|ARM.ActiveCfg = Debug|Any CPU
		{4834307C-054D-4BFA-A936-3466E777B173}.Debug|ARM.Build.0 = Debug|Any CPU
		{4834307C-054D-4BFA-A936-3466E777B173}.Debug|ARM.Deploy.0 = Debug|Any CPU
		{4834307C-054D-4BFA-A936-3466E777B173}.Debug|iPhone.ActiveCfg = Debug|Any CPU
		{4834307C-054D-4BFA-A936-3466E777B173}.Debug|iPhone.Build.0 = Debug|Any CPU
		{4834307C-054D-4BFA-A936-3466E777B173}.Debug|iPhone.Deploy.0 = Debug|Any CPU
		{4834307C-054D-4BFA-A936-3466E777B173}.Debug|iPhoneSimulator.ActiveCfg = Debug|Any CPU
		{4834307C-054D-4BFA-A936-3466E777B173}.Debug|iPhoneSimulator.Build.0 = Debug|Any CPU
		{4834307C-054D-4BFA-A936-3466E777B173}.Debug|iPhoneSimulator.Deploy.0 = Debug|Any CPU
		{4834307C-054D-4BFA-A936-3466E777B173}.Debug|x64.ActiveCfg = Debug|Any CPU
		{4834307C-054D-4BFA-A936-3466E777B173}.Debug|x64.Build.0 = Debug|Any CPU
		{4834307C-054D-4BFA-A936-3466E777B173}.Debug|x64.Deploy.0 = Debug|Any CPU
		{4834307C-054D-4BFA-A936-3466E777B173}.Debug|x86.ActiveCfg = Debug|Any CPU
		{4834307C-054D-4BFA-A936-3466E777B173}.Debug|x86.Build.0 = Debug|Any CPU
		{4834307C-054D-4BFA-A936-3466E777B173}.Debug|x86.Deploy.0 = Debug|Any CPU
		{4834307C-054D-4BFA-A936-3466E777B173}.Release|Any CPU.ActiveCfg = Release|Any CPU
		{4834307C-054D-4BFA-A936-3466E777B173}.Release|Any CPU.Build.0 = Release|Any CPU
		{4834307C-054D-4BFA-A936-3466E777B173}.Release|Any CPU.Deploy.0 = Release|Any CPU
		{4834307C-054D-4BFA-A936-3466E777B173}.Release|ARM.ActiveCfg = Release|Any CPU
		{4834307C-054D-4BFA-A936-3466E777B173}.Release|ARM.Build.0 = Release|Any CPU
		{4834307C-054D-4BFA-A936-3466E777B173}.Release|ARM.Deploy.0 = Release|Any CPU
		{4834307C-054D-4BFA-A936-3466E777B173}.Release|iPhone.ActiveCfg = Release|Any CPU
		{4834307C-054D-4BFA-A936-3466E777B173}.Release|iPhone.Build.0 = Release|Any CPU
		{4834307C-054D-4BFA-A936-3466E777B173}.Release|iPhone.Deploy.0 = Release|Any CPU
		{4834307C-054D-4BFA-A936-3466E777B173}.Release|iPhoneSimulator.ActiveCfg = Release|Any CPU
		{4834307C-054D-4BFA-A936-3466E777B173}.Release|iPhoneSimulator.Build.0 = Release|Any CPU
		{4834307C-054D-4BFA-A936-3466E777B173}.Release|iPhoneSimulator.Deploy.0 = Release|Any CPU
		{4834307C-054D-4BFA-A936-3466E777B173}.Release|x64.ActiveCfg = Release|Any CPU
		{4834307C-054D-4BFA-A936-3466E777B173}.Release|x64.Build.0 = Release|Any CPU
		{4834307C-054D-4BFA-A936-3466E777B173}.Release|x64.Deploy.0 = Release|Any CPU
		{4834307C-054D-4BFA-A936-3466E777B173}.Release|x86.ActiveCfg = Release|Any CPU
		{4834307C-054D-4BFA-A936-3466E777B173}.Release|x86.Build.0 = Release|Any CPU
		{4834307C-054D-4BFA-A936-3466E777B173}.Release|x86.Deploy.0 = Release|Any CPU
		{F80F1FF6-BEFF-46B3-98F0-4BB961A7315C}.Ad-Hoc|Any CPU.ActiveCfg = Ad-Hoc|iPhone
		{F80F1FF6-BEFF-46B3-98F0-4BB961A7315C}.Ad-Hoc|ARM.ActiveCfg = Ad-Hoc|iPhoneSimulator
		{F80F1FF6-BEFF-46B3-98F0-4BB961A7315C}.Ad-Hoc|iPhone.ActiveCfg = Ad-Hoc|iPhone
		{F80F1FF6-BEFF-46B3-98F0-4BB961A7315C}.Ad-Hoc|iPhone.Build.0 = Ad-Hoc|iPhone
		{F80F1FF6-BEFF-46B3-98F0-4BB961A7315C}.Ad-Hoc|iPhoneSimulator.ActiveCfg = Ad-Hoc|iPhoneSimulator
		{F80F1FF6-BEFF-46B3-98F0-4BB961A7315C}.Ad-Hoc|iPhoneSimulator.Build.0 = Ad-Hoc|iPhoneSimulator
		{F80F1FF6-BEFF-46B3-98F0-4BB961A7315C}.Ad-Hoc|x64.ActiveCfg = Ad-Hoc|iPhoneSimulator
		{F80F1FF6-BEFF-46B3-98F0-4BB961A7315C}.Ad-Hoc|x86.ActiveCfg = Ad-Hoc|iPhoneSimulator
		{F80F1FF6-BEFF-46B3-98F0-4BB961A7315C}.AppStore|Any CPU.ActiveCfg = AppStore|iPhone
		{F80F1FF6-BEFF-46B3-98F0-4BB961A7315C}.AppStore|ARM.ActiveCfg = AppStore|iPhoneSimulator
		{F80F1FF6-BEFF-46B3-98F0-4BB961A7315C}.AppStore|iPhone.ActiveCfg = AppStore|iPhone
		{F80F1FF6-BEFF-46B3-98F0-4BB961A7315C}.AppStore|iPhone.Build.0 = AppStore|iPhone
		{F80F1FF6-BEFF-46B3-98F0-4BB961A7315C}.AppStore|iPhoneSimulator.ActiveCfg = AppStore|iPhoneSimulator
		{F80F1FF6-BEFF-46B3-98F0-4BB961A7315C}.AppStore|iPhoneSimulator.Build.0 = AppStore|iPhoneSimulator
		{F80F1FF6-BEFF-46B3-98F0-4BB961A7315C}.AppStore|x64.ActiveCfg = AppStore|iPhoneSimulator
		{F80F1FF6-BEFF-46B3-98F0-4BB961A7315C}.AppStore|x86.ActiveCfg = AppStore|iPhoneSimulator
		{F80F1FF6-BEFF-46B3-98F0-4BB961A7315C}.Debug|Any CPU.ActiveCfg = Debug|iPhone
		{F80F1FF6-BEFF-46B3-98F0-4BB961A7315C}.Debug|ARM.ActiveCfg = Debug|iPhoneSimulator
		{F80F1FF6-BEFF-46B3-98F0-4BB961A7315C}.Debug|iPhone.ActiveCfg = Debug|iPhone
		{F80F1FF6-BEFF-46B3-98F0-4BB961A7315C}.Debug|iPhone.Build.0 = Debug|iPhone
		{F80F1FF6-BEFF-46B3-98F0-4BB961A7315C}.Debug|iPhoneSimulator.ActiveCfg = Debug|iPhoneSimulator
		{F80F1FF6-BEFF-46B3-98F0-4BB961A7315C}.Debug|iPhoneSimulator.Build.0 = Debug|iPhoneSimulator
		{F80F1FF6-BEFF-46B3-98F0-4BB961A7315C}.Debug|x64.ActiveCfg = Debug|iPhoneSimulator
		{F80F1FF6-BEFF-46B3-98F0-4BB961A7315C}.Debug|x86.ActiveCfg = Debug|iPhoneSimulator
		{F80F1FF6-BEFF-46B3-98F0-4BB961A7315C}.Release|Any CPU.ActiveCfg = Release|iPhone
		{F80F1FF6-BEFF-46B3-98F0-4BB961A7315C}.Release|ARM.ActiveCfg = Release|iPhoneSimulator
		{F80F1FF6-BEFF-46B3-98F0-4BB961A7315C}.Release|iPhone.ActiveCfg = Release|iPhone
		{F80F1FF6-BEFF-46B3-98F0-4BB961A7315C}.Release|iPhone.Build.0 = Release|iPhone
		{F80F1FF6-BEFF-46B3-98F0-4BB961A7315C}.Release|iPhoneSimulator.ActiveCfg = Release|iPhoneSimulator
		{F80F1FF6-BEFF-46B3-98F0-4BB961A7315C}.Release|iPhoneSimulator.Build.0 = Release|iPhoneSimulator
		{F80F1FF6-BEFF-46B3-98F0-4BB961A7315C}.Release|x64.ActiveCfg = Release|iPhoneSimulator
		{F80F1FF6-BEFF-46B3-98F0-4BB961A7315C}.Release|x86.ActiveCfg = Release|iPhoneSimulator
		{2665A1E8-56F7-4B40-96B8-641CE46A4FB0}.Ad-Hoc|Any CPU.ActiveCfg = Release|Any CPU
		{2665A1E8-56F7-4B40-96B8-641CE46A4FB0}.Ad-Hoc|Any CPU.Build.0 = Release|Any CPU
		{2665A1E8-56F7-4B40-96B8-641CE46A4FB0}.Ad-Hoc|Any CPU.Deploy.0 = Release|Any CPU
		{2665A1E8-56F7-4B40-96B8-641CE46A4FB0}.Ad-Hoc|ARM.ActiveCfg = Release|Any CPU
		{2665A1E8-56F7-4B40-96B8-641CE46A4FB0}.Ad-Hoc|ARM.Build.0 = Release|Any CPU
		{2665A1E8-56F7-4B40-96B8-641CE46A4FB0}.Ad-Hoc|ARM.Deploy.0 = Release|Any CPU
		{2665A1E8-56F7-4B40-96B8-641CE46A4FB0}.Ad-Hoc|iPhone.ActiveCfg = Release|Any CPU
		{2665A1E8-56F7-4B40-96B8-641CE46A4FB0}.Ad-Hoc|iPhone.Build.0 = Release|Any CPU
		{2665A1E8-56F7-4B40-96B8-641CE46A4FB0}.Ad-Hoc|iPhone.Deploy.0 = Release|Any CPU
		{2665A1E8-56F7-4B40-96B8-641CE46A4FB0}.Ad-Hoc|iPhoneSimulator.ActiveCfg = Release|Any CPU
		{2665A1E8-56F7-4B40-96B8-641CE46A4FB0}.Ad-Hoc|iPhoneSimulator.Build.0 = Release|Any CPU
		{2665A1E8-56F7-4B40-96B8-641CE46A4FB0}.Ad-Hoc|iPhoneSimulator.Deploy.0 = Release|Any CPU
		{2665A1E8-56F7-4B40-96B8-641CE46A4FB0}.Ad-Hoc|x64.ActiveCfg = Release|Any CPU
		{2665A1E8-56F7-4B40-96B8-641CE46A4FB0}.Ad-Hoc|x64.Build.0 = Release|Any CPU
		{2665A1E8-56F7-4B40-96B8-641CE46A4FB0}.Ad-Hoc|x64.Deploy.0 = Release|Any CPU
		{2665A1E8-56F7-4B40-96B8-641CE46A4FB0}.Ad-Hoc|x86.ActiveCfg = Release|Any CPU
		{2665A1E8-56F7-4B40-96B8-641CE46A4FB0}.Ad-Hoc|x86.Build.0 = Release|Any CPU
		{2665A1E8-56F7-4B40-96B8-641CE46A4FB0}.Ad-Hoc|x86.Deploy.0 = Release|Any CPU
		{2665A1E8-56F7-4B40-96B8-641CE46A4FB0}.AppStore|Any CPU.ActiveCfg = Release|Any CPU
		{2665A1E8-56F7-4B40-96B8-641CE46A4FB0}.AppStore|Any CPU.Build.0 = Release|Any CPU
		{2665A1E8-56F7-4B40-96B8-641CE46A4FB0}.AppStore|Any CPU.Deploy.0 = Release|Any CPU
		{2665A1E8-56F7-4B40-96B8-641CE46A4FB0}.AppStore|ARM.ActiveCfg = Release|Any CPU
		{2665A1E8-56F7-4B40-96B8-641CE46A4FB0}.AppStore|ARM.Build.0 = Release|Any CPU
		{2665A1E8-56F7-4B40-96B8-641CE46A4FB0}.AppStore|ARM.Deploy.0 = Release|Any CPU
		{2665A1E8-56F7-4B40-96B8-641CE46A4FB0}.AppStore|iPhone.ActiveCfg = Release|Any CPU
		{2665A1E8-56F7-4B40-96B8-641CE46A4FB0}.AppStore|iPhone.Build.0 = Release|Any CPU
		{2665A1E8-56F7-4B40-96B8-641CE46A4FB0}.AppStore|iPhone.Deploy.0 = Release|Any CPU
		{2665A1E8-56F7-4B40-96B8-641CE46A4FB0}.AppStore|iPhoneSimulator.ActiveCfg = Release|Any CPU
		{2665A1E8-56F7-4B40-96B8-641CE46A4FB0}.AppStore|iPhoneSimulator.Build.0 = Release|Any CPU
		{2665A1E8-56F7-4B40-96B8-641CE46A4FB0}.AppStore|iPhoneSimulator.Deploy.0 = Release|Any CPU
		{2665A1E8-56F7-4B40-96B8-641CE46A4FB0}.AppStore|x64.ActiveCfg = Release|Any CPU
		{2665A1E8-56F7-4B40-96B8-641CE46A4FB0}.AppStore|x64.Build.0 = Release|Any CPU
		{2665A1E8-56F7-4B40-96B8-641CE46A4FB0}.AppStore|x64.Deploy.0 = Release|Any CPU
		{2665A1E8-56F7-4B40-96B8-641CE46A4FB0}.AppStore|x86.ActiveCfg = Release|Any CPU
		{2665A1E8-56F7-4B40-96B8-641CE46A4FB0}.AppStore|x86.Build.0 = Release|Any CPU
		{2665A1E8-56F7-4B40-96B8-641CE46A4FB0}.AppStore|x86.Deploy.0 = Release|Any CPU
		{2665A1E8-56F7-4B40-96B8-641CE46A4FB0}.Debug|Any CPU.ActiveCfg = Debug|Any CPU
		{2665A1E8-56F7-4B40-96B8-641CE46A4FB0}.Debug|Any CPU.Build.0 = Debug|Any CPU
		{2665A1E8-56F7-4B40-96B8-641CE46A4FB0}.Debug|Any CPU.Deploy.0 = Debug|Any CPU
		{2665A1E8-56F7-4B40-96B8-641CE46A4FB0}.Debug|ARM.ActiveCfg = Debug|Any CPU
		{2665A1E8-56F7-4B40-96B8-641CE46A4FB0}.Debug|ARM.Build.0 = Debug|Any CPU
		{2665A1E8-56F7-4B40-96B8-641CE46A4FB0}.Debug|ARM.Deploy.0 = Debug|Any CPU
		{2665A1E8-56F7-4B40-96B8-641CE46A4FB0}.Debug|iPhone.ActiveCfg = Debug|Any CPU
		{2665A1E8-56F7-4B40-96B8-641CE46A4FB0}.Debug|iPhone.Build.0 = Debug|Any CPU
		{2665A1E8-56F7-4B40-96B8-641CE46A4FB0}.Debug|iPhone.Deploy.0 = Debug|Any CPU
		{2665A1E8-56F7-4B40-96B8-641CE46A4FB0}.Debug|iPhoneSimulator.ActiveCfg = Debug|Any CPU
		{2665A1E8-56F7-4B40-96B8-641CE46A4FB0}.Debug|iPhoneSimulator.Build.0 = Debug|Any CPU
		{2665A1E8-56F7-4B40-96B8-641CE46A4FB0}.Debug|iPhoneSimulator.Deploy.0 = Debug|Any CPU
		{2665A1E8-56F7-4B40-96B8-641CE46A4FB0}.Debug|x64.ActiveCfg = Debug|Any CPU
		{2665A1E8-56F7-4B40-96B8-641CE46A4FB0}.Debug|x64.Build.0 = Debug|Any CPU
		{2665A1E8-56F7-4B40-96B8-641CE46A4FB0}.Debug|x64.Deploy.0 = Debug|Any CPU
		{2665A1E8-56F7-4B40-96B8-641CE46A4FB0}.Debug|x86.ActiveCfg = Debug|Any CPU
		{2665A1E8-56F7-4B40-96B8-641CE46A4FB0}.Debug|x86.Build.0 = Debug|Any CPU
		{2665A1E8-56F7-4B40-96B8-641CE46A4FB0}.Debug|x86.Deploy.0 = Debug|Any CPU
		{2665A1E8-56F7-4B40-96B8-641CE46A4FB0}.Release|Any CPU.ActiveCfg = Release|Any CPU
		{2665A1E8-56F7-4B40-96B8-641CE46A4FB0}.Release|Any CPU.Build.0 = Release|Any CPU
		{2665A1E8-56F7-4B40-96B8-641CE46A4FB0}.Release|Any CPU.Deploy.0 = Release|Any CPU
		{2665A1E8-56F7-4B40-96B8-641CE46A4FB0}.Release|ARM.ActiveCfg = Release|Any CPU
		{2665A1E8-56F7-4B40-96B8-641CE46A4FB0}.Release|ARM.Build.0 = Release|Any CPU
		{2665A1E8-56F7-4B40-96B8-641CE46A4FB0}.Release|ARM.Deploy.0 = Release|Any CPU
		{2665A1E8-56F7-4B40-96B8-641CE46A4FB0}.Release|iPhone.ActiveCfg = Release|Any CPU
		{2665A1E8-56F7-4B40-96B8-641CE46A4FB0}.Release|iPhone.Build.0 = Release|Any CPU
		{2665A1E8-56F7-4B40-96B8-641CE46A4FB0}.Release|iPhone.Deploy.0 = Release|Any CPU
		{2665A1E8-56F7-4B40-96B8-641CE46A4FB0}.Release|iPhoneSimulator.ActiveCfg = Release|Any CPU
		{2665A1E8-56F7-4B40-96B8-641CE46A4FB0}.Release|iPhoneSimulator.Build.0 = Release|Any CPU
		{2665A1E8-56F7-4B40-96B8-641CE46A4FB0}.Release|iPhoneSimulator.Deploy.0 = Release|Any CPU
		{2665A1E8-56F7-4B40-96B8-641CE46A4FB0}.Release|x64.ActiveCfg = Release|Any CPU
		{2665A1E8-56F7-4B40-96B8-641CE46A4FB0}.Release|x64.Build.0 = Release|Any CPU
		{2665A1E8-56F7-4B40-96B8-641CE46A4FB0}.Release|x64.Deploy.0 = Release|Any CPU
		{2665A1E8-56F7-4B40-96B8-641CE46A4FB0}.Release|x86.ActiveCfg = Release|Any CPU
		{2665A1E8-56F7-4B40-96B8-641CE46A4FB0}.Release|x86.Build.0 = Release|Any CPU
		{2665A1E8-56F7-4B40-96B8-641CE46A4FB0}.Release|x86.Deploy.0 = Release|Any CPU
		{0C57663D-24B3-4753-B3D9-7DA1CF2FA330}.Ad-Hoc|Any CPU.ActiveCfg = Release|Any CPU
		{0C57663D-24B3-4753-B3D9-7DA1CF2FA330}.Ad-Hoc|Any CPU.Build.0 = Release|Any CPU
		{0C57663D-24B3-4753-B3D9-7DA1CF2FA330}.Ad-Hoc|ARM.ActiveCfg = Release|Any CPU
		{0C57663D-24B3-4753-B3D9-7DA1CF2FA330}.Ad-Hoc|ARM.Build.0 = Release|Any CPU
		{0C57663D-24B3-4753-B3D9-7DA1CF2FA330}.Ad-Hoc|iPhone.ActiveCfg = Release|Any CPU
		{0C57663D-24B3-4753-B3D9-7DA1CF2FA330}.Ad-Hoc|iPhone.Build.0 = Release|Any CPU
		{0C57663D-24B3-4753-B3D9-7DA1CF2FA330}.Ad-Hoc|iPhoneSimulator.ActiveCfg = Release|Any CPU
		{0C57663D-24B3-4753-B3D9-7DA1CF2FA330}.Ad-Hoc|iPhoneSimulator.Build.0 = Release|Any CPU
		{0C57663D-24B3-4753-B3D9-7DA1CF2FA330}.Ad-Hoc|x64.ActiveCfg = Release|Any CPU
		{0C57663D-24B3-4753-B3D9-7DA1CF2FA330}.Ad-Hoc|x64.Build.0 = Release|Any CPU
		{0C57663D-24B3-4753-B3D9-7DA1CF2FA330}.Ad-Hoc|x86.ActiveCfg = Release|Any CPU
		{0C57663D-24B3-4753-B3D9-7DA1CF2FA330}.Ad-Hoc|x86.Build.0 = Release|Any CPU
		{0C57663D-24B3-4753-B3D9-7DA1CF2FA330}.AppStore|Any CPU.ActiveCfg = Release|Any CPU
		{0C57663D-24B3-4753-B3D9-7DA1CF2FA330}.AppStore|Any CPU.Build.0 = Release|Any CPU
		{0C57663D-24B3-4753-B3D9-7DA1CF2FA330}.AppStore|ARM.ActiveCfg = Release|Any CPU
		{0C57663D-24B3-4753-B3D9-7DA1CF2FA330}.AppStore|ARM.Build.0 = Release|Any CPU
		{0C57663D-24B3-4753-B3D9-7DA1CF2FA330}.AppStore|iPhone.ActiveCfg = Release|Any CPU
		{0C57663D-24B3-4753-B3D9-7DA1CF2FA330}.AppStore|iPhone.Build.0 = Release|Any CPU
		{0C57663D-24B3-4753-B3D9-7DA1CF2FA330}.AppStore|iPhoneSimulator.ActiveCfg = Release|Any CPU
		{0C57663D-24B3-4753-B3D9-7DA1CF2FA330}.AppStore|iPhoneSimulator.Build.0 = Release|Any CPU
		{0C57663D-24B3-4753-B3D9-7DA1CF2FA330}.AppStore|x64.ActiveCfg = Release|Any CPU
		{0C57663D-24B3-4753-B3D9-7DA1CF2FA330}.AppStore|x64.Build.0 = Release|Any CPU
		{0C57663D-24B3-4753-B3D9-7DA1CF2FA330}.AppStore|x86.ActiveCfg = Release|Any CPU
		{0C57663D-24B3-4753-B3D9-7DA1CF2FA330}.AppStore|x86.Build.0 = Release|Any CPU
		{0C57663D-24B3-4753-B3D9-7DA1CF2FA330}.Debug|Any CPU.ActiveCfg = Debug|Any CPU
		{0C57663D-24B3-4753-B3D9-7DA1CF2FA330}.Debug|Any CPU.Build.0 = Debug|Any CPU
		{0C57663D-24B3-4753-B3D9-7DA1CF2FA330}.Debug|ARM.ActiveCfg = Debug|Any CPU
		{0C57663D-24B3-4753-B3D9-7DA1CF2FA330}.Debug|ARM.Build.0 = Debug|Any CPU
		{0C57663D-24B3-4753-B3D9-7DA1CF2FA330}.Debug|iPhone.ActiveCfg = Debug|Any CPU
		{0C57663D-24B3-4753-B3D9-7DA1CF2FA330}.Debug|iPhone.Build.0 = Debug|Any CPU
		{0C57663D-24B3-4753-B3D9-7DA1CF2FA330}.Debug|iPhoneSimulator.ActiveCfg = Debug|Any CPU
		{0C57663D-24B3-4753-B3D9-7DA1CF2FA330}.Debug|iPhoneSimulator.Build.0 = Debug|Any CPU
		{0C57663D-24B3-4753-B3D9-7DA1CF2FA330}.Debug|x64.ActiveCfg = Debug|Any CPU
		{0C57663D-24B3-4753-B3D9-7DA1CF2FA330}.Debug|x64.Build.0 = Debug|Any CPU
		{0C57663D-24B3-4753-B3D9-7DA1CF2FA330}.Debug|x86.ActiveCfg = Debug|Any CPU
		{0C57663D-24B3-4753-B3D9-7DA1CF2FA330}.Debug|x86.Build.0 = Debug|Any CPU
		{0C57663D-24B3-4753-B3D9-7DA1CF2FA330}.Release|Any CPU.ActiveCfg = Release|Any CPU
		{0C57663D-24B3-4753-B3D9-7DA1CF2FA330}.Release|Any CPU.Build.0 = Release|Any CPU
		{0C57663D-24B3-4753-B3D9-7DA1CF2FA330}.Release|ARM.ActiveCfg = Release|Any CPU
		{0C57663D-24B3-4753-B3D9-7DA1CF2FA330}.Release|ARM.Build.0 = Release|Any CPU
		{0C57663D-24B3-4753-B3D9-7DA1CF2FA330}.Release|iPhone.ActiveCfg = Release|Any CPU
		{0C57663D-24B3-4753-B3D9-7DA1CF2FA330}.Release|iPhone.Build.0 = Release|Any CPU
		{0C57663D-24B3-4753-B3D9-7DA1CF2FA330}.Release|iPhoneSimulator.ActiveCfg = Release|Any CPU
		{0C57663D-24B3-4753-B3D9-7DA1CF2FA330}.Release|iPhoneSimulator.Build.0 = Release|Any CPU
		{0C57663D-24B3-4753-B3D9-7DA1CF2FA330}.Release|x64.ActiveCfg = Release|Any CPU
		{0C57663D-24B3-4753-B3D9-7DA1CF2FA330}.Release|x64.Build.0 = Release|Any CPU
		{0C57663D-24B3-4753-B3D9-7DA1CF2FA330}.Release|x86.ActiveCfg = Release|Any CPU
		{0C57663D-24B3-4753-B3D9-7DA1CF2FA330}.Release|x86.Build.0 = Release|Any CPU
		{20E69DCD-AA26-4BB3-8596-4CA159387B9F}.Ad-Hoc|Any CPU.ActiveCfg = Release|x86
		{20E69DCD-AA26-4BB3-8596-4CA159387B9F}.Ad-Hoc|Any CPU.Build.0 = Release|x86
		{20E69DCD-AA26-4BB3-8596-4CA159387B9F}.Ad-Hoc|Any CPU.Deploy.0 = Release|x86
		{20E69DCD-AA26-4BB3-8596-4CA159387B9F}.Ad-Hoc|ARM.ActiveCfg = Release|ARM
		{20E69DCD-AA26-4BB3-8596-4CA159387B9F}.Ad-Hoc|ARM.Build.0 = Release|ARM
		{20E69DCD-AA26-4BB3-8596-4CA159387B9F}.Ad-Hoc|ARM.Deploy.0 = Release|ARM
		{20E69DCD-AA26-4BB3-8596-4CA159387B9F}.Ad-Hoc|iPhone.ActiveCfg = Release|x86
		{20E69DCD-AA26-4BB3-8596-4CA159387B9F}.Ad-Hoc|iPhone.Build.0 = Release|x86
		{20E69DCD-AA26-4BB3-8596-4CA159387B9F}.Ad-Hoc|iPhone.Deploy.0 = Release|x86
		{20E69DCD-AA26-4BB3-8596-4CA159387B9F}.Ad-Hoc|iPhoneSimulator.ActiveCfg = Release|x86
		{20E69DCD-AA26-4BB3-8596-4CA159387B9F}.Ad-Hoc|iPhoneSimulator.Build.0 = Release|x86
		{20E69DCD-AA26-4BB3-8596-4CA159387B9F}.Ad-Hoc|iPhoneSimulator.Deploy.0 = Release|x86
		{20E69DCD-AA26-4BB3-8596-4CA159387B9F}.Ad-Hoc|x64.ActiveCfg = Release|x64
		{20E69DCD-AA26-4BB3-8596-4CA159387B9F}.Ad-Hoc|x64.Build.0 = Release|x64
		{20E69DCD-AA26-4BB3-8596-4CA159387B9F}.Ad-Hoc|x64.Deploy.0 = Release|x64
		{20E69DCD-AA26-4BB3-8596-4CA159387B9F}.Ad-Hoc|x86.ActiveCfg = Release|x86
		{20E69DCD-AA26-4BB3-8596-4CA159387B9F}.Ad-Hoc|x86.Build.0 = Release|x86
		{20E69DCD-AA26-4BB3-8596-4CA159387B9F}.Ad-Hoc|x86.Deploy.0 = Release|x86
		{20E69DCD-AA26-4BB3-8596-4CA159387B9F}.AppStore|Any CPU.ActiveCfg = Release|x86
		{20E69DCD-AA26-4BB3-8596-4CA159387B9F}.AppStore|Any CPU.Build.0 = Release|x86
		{20E69DCD-AA26-4BB3-8596-4CA159387B9F}.AppStore|Any CPU.Deploy.0 = Release|x86
		{20E69DCD-AA26-4BB3-8596-4CA159387B9F}.AppStore|ARM.ActiveCfg = Release|ARM
		{20E69DCD-AA26-4BB3-8596-4CA159387B9F}.AppStore|ARM.Build.0 = Release|ARM
		{20E69DCD-AA26-4BB3-8596-4CA159387B9F}.AppStore|ARM.Deploy.0 = Release|ARM
		{20E69DCD-AA26-4BB3-8596-4CA159387B9F}.AppStore|iPhone.ActiveCfg = Release|x86
		{20E69DCD-AA26-4BB3-8596-4CA159387B9F}.AppStore|iPhone.Build.0 = Release|x86
		{20E69DCD-AA26-4BB3-8596-4CA159387B9F}.AppStore|iPhone.Deploy.0 = Release|x86
		{20E69DCD-AA26-4BB3-8596-4CA159387B9F}.AppStore|iPhoneSimulator.ActiveCfg = Release|x86
		{20E69DCD-AA26-4BB3-8596-4CA159387B9F}.AppStore|iPhoneSimulator.Build.0 = Release|x86
		{20E69DCD-AA26-4BB3-8596-4CA159387B9F}.AppStore|iPhoneSimulator.Deploy.0 = Release|x86
		{20E69DCD-AA26-4BB3-8596-4CA159387B9F}.AppStore|x64.ActiveCfg = Release|x64
		{20E69DCD-AA26-4BB3-8596-4CA159387B9F}.AppStore|x64.Build.0 = Release|x64
		{20E69DCD-AA26-4BB3-8596-4CA159387B9F}.AppStore|x64.Deploy.0 = Release|x64
		{20E69DCD-AA26-4BB3-8596-4CA159387B9F}.AppStore|x86.ActiveCfg = Release|x86
		{20E69DCD-AA26-4BB3-8596-4CA159387B9F}.AppStore|x86.Build.0 = Release|x86
		{20E69DCD-AA26-4BB3-8596-4CA159387B9F}.AppStore|x86.Deploy.0 = Release|x86
		{20E69DCD-AA26-4BB3-8596-4CA159387B9F}.Debug|Any CPU.ActiveCfg = Debug|x86
		{20E69DCD-AA26-4BB3-8596-4CA159387B9F}.Debug|ARM.ActiveCfg = Debug|ARM
		{20E69DCD-AA26-4BB3-8596-4CA159387B9F}.Debug|ARM.Build.0 = Debug|ARM
		{20E69DCD-AA26-4BB3-8596-4CA159387B9F}.Debug|ARM.Deploy.0 = Debug|ARM
		{20E69DCD-AA26-4BB3-8596-4CA159387B9F}.Debug|iPhone.ActiveCfg = Debug|x86
		{20E69DCD-AA26-4BB3-8596-4CA159387B9F}.Debug|iPhoneSimulator.ActiveCfg = Debug|x86
		{20E69DCD-AA26-4BB3-8596-4CA159387B9F}.Debug|x64.ActiveCfg = Debug|x64
		{20E69DCD-AA26-4BB3-8596-4CA159387B9F}.Debug|x64.Build.0 = Debug|x64
		{20E69DCD-AA26-4BB3-8596-4CA159387B9F}.Debug|x64.Deploy.0 = Debug|x64
		{20E69DCD-AA26-4BB3-8596-4CA159387B9F}.Debug|x86.ActiveCfg = Debug|x86
		{20E69DCD-AA26-4BB3-8596-4CA159387B9F}.Debug|x86.Build.0 = Debug|x86
		{20E69DCD-AA26-4BB3-8596-4CA159387B9F}.Debug|x86.Deploy.0 = Debug|x86
		{20E69DCD-AA26-4BB3-8596-4CA159387B9F}.Release|Any CPU.ActiveCfg = Release|x86
		{20E69DCD-AA26-4BB3-8596-4CA159387B9F}.Release|ARM.ActiveCfg = Release|ARM
		{20E69DCD-AA26-4BB3-8596-4CA159387B9F}.Release|ARM.Build.0 = Release|ARM
		{20E69DCD-AA26-4BB3-8596-4CA159387B9F}.Release|ARM.Deploy.0 = Release|ARM
		{20E69DCD-AA26-4BB3-8596-4CA159387B9F}.Release|iPhone.ActiveCfg = Release|x86
		{20E69DCD-AA26-4BB3-8596-4CA159387B9F}.Release|iPhoneSimulator.ActiveCfg = Release|x86
		{20E69DCD-AA26-4BB3-8596-4CA159387B9F}.Release|x64.ActiveCfg = Release|x64
		{20E69DCD-AA26-4BB3-8596-4CA159387B9F}.Release|x64.Build.0 = Release|x64
		{20E69DCD-AA26-4BB3-8596-4CA159387B9F}.Release|x64.Deploy.0 = Release|x64
		{20E69DCD-AA26-4BB3-8596-4CA159387B9F}.Release|x86.ActiveCfg = Release|x86
		{20E69DCD-AA26-4BB3-8596-4CA159387B9F}.Release|x86.Build.0 = Release|x86
		{20E69DCD-AA26-4BB3-8596-4CA159387B9F}.Release|x86.Deploy.0 = Release|x86
		{17DED921-1160-42FB-8D1C-88C7BE4BD338}.Ad-Hoc|Any CPU.ActiveCfg = Ad-Hoc|iPhone
		{17DED921-1160-42FB-8D1C-88C7BE4BD338}.Ad-Hoc|ARM.ActiveCfg = Ad-Hoc|iPhone
		{17DED921-1160-42FB-8D1C-88C7BE4BD338}.Ad-Hoc|iPhone.ActiveCfg = Ad-Hoc|iPhone
		{17DED921-1160-42FB-8D1C-88C7BE4BD338}.Ad-Hoc|iPhone.Build.0 = Ad-Hoc|iPhone
		{17DED921-1160-42FB-8D1C-88C7BE4BD338}.Ad-Hoc|iPhoneSimulator.ActiveCfg = Ad-Hoc|iPhoneSimulator
		{17DED921-1160-42FB-8D1C-88C7BE4BD338}.Ad-Hoc|iPhoneSimulator.Build.0 = Ad-Hoc|iPhoneSimulator
		{17DED921-1160-42FB-8D1C-88C7BE4BD338}.Ad-Hoc|x64.ActiveCfg = Ad-Hoc|iPhone
		{17DED921-1160-42FB-8D1C-88C7BE4BD338}.Ad-Hoc|x86.ActiveCfg = Ad-Hoc|iPhone
		{17DED921-1160-42FB-8D1C-88C7BE4BD338}.AppStore|Any CPU.ActiveCfg = AppStore|iPhone
		{17DED921-1160-42FB-8D1C-88C7BE4BD338}.AppStore|ARM.ActiveCfg = AppStore|iPhone
		{17DED921-1160-42FB-8D1C-88C7BE4BD338}.AppStore|iPhone.ActiveCfg = AppStore|iPhone
		{17DED921-1160-42FB-8D1C-88C7BE4BD338}.AppStore|iPhone.Build.0 = AppStore|iPhone
		{17DED921-1160-42FB-8D1C-88C7BE4BD338}.AppStore|iPhoneSimulator.ActiveCfg = AppStore|iPhoneSimulator
		{17DED921-1160-42FB-8D1C-88C7BE4BD338}.AppStore|iPhoneSimulator.Build.0 = AppStore|iPhoneSimulator
		{17DED921-1160-42FB-8D1C-88C7BE4BD338}.AppStore|x64.ActiveCfg = AppStore|iPhone
		{17DED921-1160-42FB-8D1C-88C7BE4BD338}.AppStore|x86.ActiveCfg = AppStore|iPhone
		{17DED921-1160-42FB-8D1C-88C7BE4BD338}.Debug|Any CPU.ActiveCfg = Debug|iPhone
		{17DED921-1160-42FB-8D1C-88C7BE4BD338}.Debug|ARM.ActiveCfg = Debug|iPhone
		{17DED921-1160-42FB-8D1C-88C7BE4BD338}.Debug|iPhone.ActiveCfg = Debug|iPhone
		{17DED921-1160-42FB-8D1C-88C7BE4BD338}.Debug|iPhone.Build.0 = Debug|iPhone
		{17DED921-1160-42FB-8D1C-88C7BE4BD338}.Debug|iPhoneSimulator.ActiveCfg = Debug|iPhoneSimulator
		{17DED921-1160-42FB-8D1C-88C7BE4BD338}.Debug|iPhoneSimulator.Build.0 = Debug|iPhoneSimulator
		{17DED921-1160-42FB-8D1C-88C7BE4BD338}.Debug|x64.ActiveCfg = Debug|iPhone
		{17DED921-1160-42FB-8D1C-88C7BE4BD338}.Debug|x86.ActiveCfg = Debug|iPhone
		{17DED921-1160-42FB-8D1C-88C7BE4BD338}.Release|Any CPU.ActiveCfg = Release|iPhone
		{17DED921-1160-42FB-8D1C-88C7BE4BD338}.Release|ARM.ActiveCfg = Release|iPhone
		{17DED921-1160-42FB-8D1C-88C7BE4BD338}.Release|iPhone.ActiveCfg = Release|iPhone
		{17DED921-1160-42FB-8D1C-88C7BE4BD338}.Release|iPhone.Build.0 = Release|iPhone
		{17DED921-1160-42FB-8D1C-88C7BE4BD338}.Release|iPhoneSimulator.ActiveCfg = Release|iPhoneSimulator
		{17DED921-1160-42FB-8D1C-88C7BE4BD338}.Release|iPhoneSimulator.Build.0 = Release|iPhoneSimulator
		{17DED921-1160-42FB-8D1C-88C7BE4BD338}.Release|x64.ActiveCfg = Release|iPhone
		{17DED921-1160-42FB-8D1C-88C7BE4BD338}.Release|x86.ActiveCfg = Release|iPhone
	EndGlobalSection
	GlobalSection(SolutionProperties) = preSolution
		HideSolutionNode = FALSE
	EndGlobalSection
	GlobalSection(NestedProjects) = preSolution
		{8BF1ADED-37DA-4BDB-9E12-CEAAE9353855} = {1A4FF10C-854A-4F83-8316-EF1C3D49C3A1}
		{A8F2E668-43BA-48EE-9C5E-74CDA504F366} = {1A4FF10C-854A-4F83-8316-EF1C3D49C3A1}
		{3B57EB27-7D4B-475F-B9BA-7453C274B37D} = {1A4FF10C-854A-4F83-8316-EF1C3D49C3A1}
		{4834307C-054D-4BFA-A936-3466E777B173} = {A8F2E668-43BA-48EE-9C5E-74CDA504F366}
		{F80F1FF6-BEFF-46B3-98F0-4BB961A7315C} = {3B57EB27-7D4B-475F-B9BA-7453C274B37D}
		{2665A1E8-56F7-4B40-96B8-641CE46A4FB0} = {8BF1ADED-37DA-4BDB-9E12-CEAAE9353855}
		{0C57663D-24B3-4753-B3D9-7DA1CF2FA330} = {8BF1ADED-37DA-4BDB-9E12-CEAAE9353855}
		{20E69DCD-AA26-4BB3-8596-4CA159387B9F} = {8BF1ADED-37DA-4BDB-9E12-CEAAE9353855}
		{17DED921-1160-42FB-8D1C-88C7BE4BD338} = {8BF1ADED-37DA-4BDB-9E12-CEAAE9353855}
	EndGlobalSection
EndGlobal
