
Microsoft Visual Studio Solution File, Format Version 12.00
# Visual Studio 15
Project("{E53339B2-1760-4266-BCC7-CA923CBCF16C}") = "docker-compose", "docker-compose.dcproj", "{99028700-A63A-4DEB-9F8C-9D87E2BCCFAB}"
EndProject
Project("{FAE04EC0-301F-11D3-BF4B-00C04F79EFBC}") = "webapi", "webapi\webapi.csproj", "{37B75071-7C31-4C79-A4D6-B5E185A6B11E}"
EndProject
Project("{FAE04EC0-301F-11D3-BF4B-00C04F79EFBC}") = "webapp", "webapp\webapp.csproj", "{7E7FF5C9-EDB5-4329-83F7-202320EF6ACA}"
EndProject
Global
	GlobalSection(SolutionConfigurationPlatforms) = preSolution
		Debug|Any CPU = Debug|Any CPU
		Release|Any CPU = Release|Any CPU
	EndGlobalSection
	GlobalSection(ProjectConfigurationPlatforms) = postSolution
		{99028700-A63A-4DEB-9F8C-9D87E2BCCFAB}.Debug|Any CPU.ActiveCfg = Debug|Any CPU
		{99028700-A63A-4DEB-9F8C-9D87E2BCCFAB}.Debug|Any CPU.Build.0 = Debug|Any CPU
		{99028700-A63A-4DEB-9F8C-9D87E2BCCFAB}.Release|Any CPU.ActiveCfg = Release|Any CPU
		{99028700-A63A-4DEB-9F8C-9D87E2BCCFAB}.Release|Any CPU.Build.0 = Release|Any CPU
		{37B75071-7C31-4C79-A4D6-B5E185A6B11E}.Debug|Any CPU.ActiveCfg = Debug|Any CPU
		{37B75071-7C31-4C79-A4D6-B5E185A6B11E}.Debug|Any CPU.Build.0 = Debug|Any CPU
		{37B75071-7C31-4C79-A4D6-B5E185A6B11E}.Release|Any CPU.ActiveCfg = Release|Any CPU
		{37B75071-7C31-4C79-A4D6-B5E185A6B11E}.Release|Any CPU.Build.0 = Release|Any CPU
		{7E7FF5C9-EDB5-4329-83F7-202320EF6ACA}.Debug|Any CPU.ActiveCfg = Debug|Any CPU
		{7E7FF5C9-EDB5-4329-83F7-202320EF6ACA}.Debug|Any CPU.Build.0 = Debug|Any CPU
		{7E7FF5C9-EDB5-4329-83F7-202320EF6ACA}.Release|Any CPU.ActiveCfg = Release|Any CPU
		{7E7FF5C9-EDB5-4329-83F7-202320EF6ACA}.Release|Any CPU.Build.0 = Release|Any CPU
	EndGlobalSection
EndGlobal
