Microsoft Visual Studio Solution File, Format Version 12.00
# Visual Studio Version 17
VisualStudioVersion = 17.5.2.0
MinimumVisualStudioVersion = 10.0.40219.1
Project("{2150E333-8FDC-42A3-9474-1A3956D46DE8}") = "aiagentapi", "aiagentapi", "{0AF7445E-90D6-1661-F49B-5BCFB2F51E96}"
EndProject
Project("{FAE04EC0-301F-11D3-BF4B-00C04F79EFBC}") = "aiagentapi", "aiagentapi\aiagentapi\aiagentapi.csproj", "{672FE5E6-4F96-0BFC-2263-C37FB72B8CFC}"
EndProject
Global
	GlobalSection(SolutionConfigurationPlatforms) = preSolution
		Debug|Any CPU = Debug|Any CPU
		Release|Any CPU = Release|Any CPU
	EndGlobalSection
	GlobalSection(ProjectConfigurationPlatforms) = postSolution
		{672FE5E6-4F96-0BFC-2263-C37FB72B8CFC}.Debug|Any CPU.ActiveCfg = Debug|Any CPU
		{672FE5E6-4F96-0BFC-2263-C37FB72B8CFC}.Debug|Any CPU.Build.0 = Debug|Any CPU
		{672FE5E6-4F96-0BFC-2263-C37FB72B8CFC}.Release|Any CPU.ActiveCfg = Release|Any CPU
		{672FE5E6-4F96-0BFC-2263-C37FB72B8CFC}.Release|Any CPU.Build.0 = Release|Any CPU
	EndGlobalSection
	GlobalSection(SolutionProperties) = preSolution
		HideSolutionNode = FALSE
	EndGlobalSection
	GlobalSection(NestedProjects) = preSolution
		{672FE5E6-4F96-0BFC-2263-C37FB72B8CFC} = {0AF7445E-90D6-1661-F49B-5BCFB2F51E96}
	EndGlobalSection
	GlobalSection(ExtensibilityGlobals) = postSolution
		SolutionGuid = {F5666DFA-F118-4999-B623-40A058475763}
	EndGlobalSection
EndGlobal
