
Microsoft Visual Studio Solution File, Format Version 12.00
# Visual Studio 15
Project("{FAE04EC0-301F-11D3-BF4B-00C04F79EFBC}") = "webapp", "webapp\webapp.csproj", "{4AB7E1B5-5503-41C6-8041-BD3E0BEC5923}"
EndProject
Project("{E53339B2-1760-4266-BCC7-CA923CBCF16C}") = "docker-compose", "docker-compose.dcproj", "{66A4ADBA-885D-4720-AD34-6FAA0DB83231}"
EndProject
Global
	GlobalSection(SolutionConfigurationPlatforms) = preSolution
		Debug|Any CPU = Debug|Any CPU
		Release|Any CPU = Release|Any CPU
	EndGlobalSection
	GlobalSection(ProjectConfigurationPlatforms) = postSolution
		{4AB7E1B5-5503-41C6-8041-BD3E0BEC5923}.Debug|Any CPU.ActiveCfg = Debug|Any CPU
		{4AB7E1B5-5503-41C6-8041-BD3E0BEC5923}.Debug|Any CPU.Build.0 = Debug|Any CPU
		{4AB7E1B5-5503-41C6-8041-BD3E0BEC5923}.Release|Any CPU.ActiveCfg = Release|Any CPU
		{4AB7E1B5-5503-41C6-8041-BD3E0BEC5923}.Release|Any CPU.Build.0 = Release|Any CPU
		{66A4ADBA-885D-4720-AD34-6FAA0DB83231}.Debug|Any CPU.ActiveCfg = Debug|Any CPU
		{66A4ADBA-885D-4720-AD34-6FAA0DB83231}.Debug|Any CPU.Build.0 = Debug|Any CPU
		{66A4ADBA-885D-4720-AD34-6FAA0DB83231}.Release|Any CPU.ActiveCfg = Release|Any CPU
		{66A4ADBA-885D-4720-AD34-6FAA0DB83231}.Release|Any CPU.Build.0 = Release|Any CPU
	EndGlobalSection
EndGlobal
